dependencies:
- name: postgresql
  repository: https://kubernetes-charts.storage.googleapis.com/
  version: 6.0.0
- name: elasticsearch
  repository: https://charts.bitnami.com
  version: 6.0.0
- name: redis
  repository: https://kubernetes-charts.storage.googleapis.com/
  version: 8.1.5
digest: sha256:dd7af92211fbaafb44bb69dc698413d1f06bd95fb676caa18a6c126015bb9b71
generated: "2019-07-19T16:47:08.070888+02:00"
